// !$*UTF8*$!
{
	archiveVersion = 1;
	classes = {
	};
	objectVersion = 56;
	objects = {

/* Begin PBXBuildFile section */
		285C188F2B9B484900CC4310 /* MoogleError.swift in Sources */ = {isa = PBXBuildFile; fileRef = 285C188E2B9B484900CC4310 /* MoogleError.swift */; };
		285C18912B9B680400CC4310 /* NetworkMonitor.swift in Sources */ = {isa = PBXBuildFile; fileRef = 285C18902B9B680400CC4310 /* NetworkMonitor.swift */; };
		285C18952B9B69B400CC4310 /* SplashView.swift in Sources */ = {isa = PBXBuildFile; fileRef = 285C18942B9B69B400CC4310 /* SplashView.swift */; };
		28C555052B98F8DC0003D214 /* MoogleUIApp.swift in Sources */ = {isa = PBXBuildFile; fileRef = 28C555042B98F8DC0003D214 /* MoogleUIApp.swift */; };
		28C555072B98F8DC0003D214 /* CharacterView.swift in Sources */ = {isa = PBXBuildFile; fileRef = 28C555062B98F8DC0003D214 /* CharacterView.swift */; };
		28C555092B98F8DD0003D214 /* Assets.xcassets in Resources */ = {isa = PBXBuildFile; fileRef = 28C555082B98F8DD0003D214 /* Assets.xcassets */; };
		28C5550C2B98F8DD0003D214 /* Preview Assets.xcassets in Resources */ = {isa = PBXBuildFile; fileRef = 28C5550B2B98F8DD0003D214 /* Preview Assets.xcassets */; };
		28C555152B98F9110003D214 /* Environment.swift in Sources */ = {isa = PBXBuildFile; fileRef = 28C555142B98F9110003D214 /* Environment.swift */; };
		28C5551A2B98FAC80003D214 /* Character.swift in Sources */ = {isa = PBXBuildFile; fileRef = 28C555192B98FAC80003D214 /* Character.swift */; };
		28C5551C2B98FB000003D214 /* BaseAPIClient.swift in Sources */ = {isa = PBXBuildFile; fileRef = 28C5551B2B98FB000003D214 /* BaseAPIClient.swift */; };
		28C5551E2B98FBCB0003D214 /* CharacterAPIClient.swift in Sources */ = {isa = PBXBuildFile; fileRef = 28C5551D2B98FBCB0003D214 /* CharacterAPIClient.swift */; };
		28C555202B98FC310003D214 /* CharacterDataManager.swift in Sources */ = {isa = PBXBuildFile; fileRef = 28C5551F2B98FC310003D214 /* CharacterDataManager.swift */; };
		28C555242B98FCDC0003D214 /* CharacterViewModel.swift in Sources */ = {isa = PBXBuildFile; fileRef = 28C555232B98FCDC0003D214 /* CharacterViewModel.swift */; };
/* End PBXBuildFile section */

/* Begin PBXFileReference section */
		285C188E2B9B484900CC4310 /* MoogleError.swift */ = {isa = PBXFileReference; lastKnownFileType = sourcecode.swift; path = MoogleError.swift; sourceTree = "<group>"; };
		285C18902B9B680400CC4310 /* NetworkMonitor.swift */ = {isa = PBXFileReference; lastKnownFileType = sourcecode.swift; path = NetworkMonitor.swift; sourceTree = "<group>"; };
		285C18942B9B69B400CC4310 /* SplashView.swift */ = {isa = PBXFileReference; lastKnownFileType = sourcecode.swift; path = SplashView.swift; sourceTree = "<group>"; };
		28C555012B98F8DC0003D214 /* MoogleUI.app */ = {isa = PBXFileReference; explicitFileType = wrapper.application; includeInIndex = 0; path = MoogleUI.app; sourceTree = BUILT_PRODUCTS_DIR; };
		28C555042B98F8DC0003D214 /* MoogleUIApp.swift */ = {isa = PBXFileReference; lastKnownFileType = sourcecode.swift; path = MoogleUIApp.swift; sourceTree = "<group>"; };
		28C555062B98F8DC0003D214 /* CharacterView.swift */ = {isa = PBXFileReference; lastKnownFileType = sourcecode.swift; path = CharacterView.swift; sourceTree = "<group>"; };
		28C555082B98F8DD0003D214 /* Assets.xcassets */ = {isa = PBXFileReference; lastKnownFileType = folder.assetcatalog; path = Assets.xcassets; sourceTree = "<group>"; };
		28C5550B2B98F8DD0003D214 /* Preview Assets.xcassets */ = {isa = PBXFileReference; lastKnownFileType = folder.assetcatalog; path = "Preview Assets.xcassets"; sourceTree = "<group>"; };
		28C555142B98F9110003D214 /* Environment.swift */ = {isa = PBXFileReference; lastKnownFileType = sourcecode.swift; path = Environment.swift; sourceTree = "<group>"; };
		28C555192B98FAC80003D214 /* Character.swift */ = {isa = PBXFileReference; lastKnownFileType = sourcecode.swift; path = Character.swift; sourceTree = "<group>"; };
		28C5551B2B98FB000003D214 /* BaseAPIClient.swift */ = {isa = PBXFileReference; lastKnownFileType = sourcecode.swift; path = BaseAPIClient.swift; sourceTree = "<group>"; };
		28C5551D2B98FBCB0003D214 /* CharacterAPIClient.swift */ = {isa = PBXFileReference; lastKnownFileType = sourcecode.swift; path = CharacterAPIClient.swift; sourceTree = "<group>"; };
		28C5551F2B98FC310003D214 /* CharacterDataManager.swift */ = {isa = PBXFileReference; lastKnownFileType = sourcecode.swift; path = CharacterDataManager.swift; sourceTree = "<group>"; };
		28C555232B98FCDC0003D214 /* CharacterViewModel.swift */ = {isa = PBXFileReference; lastKnownFileType = sourcecode.swift; path = CharacterViewModel.swift; sourceTree = "<group>"; };
/* End PBXFileReference section */

/* Begin PBXFrameworksBuildPhase section */
		28C554FE2B98F8DC0003D214 /* Frameworks */ = {
			isa = PBXFrameworksBuildPhase;
			buildActionMask = 2147483647;
			files = (
			);
			runOnlyForDeploymentPostprocessing = 0;
		};
/* End PBXFrameworksBuildPhase section */

/* Begin PBXGroup section */
		285C18922B9B699F00CC4310 /* Splash */ = {
			isa = PBXGroup;
			children = (
				285C18932B9B69A700CC4310 /* View */,
			);
			path = Splash;
			sourceTree = "<group>";
		};
		285C18932B9B69A700CC4310 /* View */ = {
			isa = PBXGroup;
			children = (
				285C18942B9B69B400CC4310 /* SplashView.swift */,
			);
			path = View;
			sourceTree = "<group>";
		};
		28C554F82B98F8DC0003D214 = {
			isa = PBXGroup;
			children = (
				28C555032B98F8DC0003D214 /* MoogleUI */,
				28C555022B98F8DC0003D214 /* Products */,
			);
			sourceTree = "<group>";
		};
		28C555022B98F8DC0003D214 /* Products */ = {
			isa = PBXGroup;
			children = (
				28C555012B98F8DC0003D214 /* MoogleUI.app */,
			);
			name = Products;
			sourceTree = "<group>";
		};
		28C555032B98F8DC0003D214 /* MoogleUI */ = {
			isa = PBXGroup;
			children = (
				28C555122B98F8E70003D214 /* Code */,
				28C555042B98F8DC0003D214 /* MoogleUIApp.swift */,
				28C555082B98F8DD0003D214 /* Assets.xcassets */,
				28C5550A2B98F8DD0003D214 /* Preview Content */,
			);
			path = MoogleUI;
			sourceTree = "<group>";
		};
		28C5550A2B98F8DD0003D214 /* Preview Content */ = {
			isa = PBXGroup;
			children = (
				28C5550B2B98F8DD0003D214 /* Preview Assets.xcassets */,
			);
			path = "Preview Content";
			sourceTree = "<group>";
		};
		28C555122B98F8E70003D214 /* Code */ = {
			isa = PBXGroup;
			children = (
				285C18922B9B699F00CC4310 /* Splash */,
				28C555182B98FA1B0003D214 /* Characters */,
				28C555172B98FA050003D214 /* Network */,
				28C555132B98F8FE0003D214 /* Config */,
			);
			path = Code;
			sourceTree = "<group>";
		};
		28C555132B98F8FE0003D214 /* Config */ = {
			isa = PBXGroup;
			children = (
				28C555142B98F9110003D214 /* Environment.swift */,
			);
			path = Config;
			sourceTree = "<group>";
		};
		28C555172B98FA050003D214 /* Network */ = {
			isa = PBXGroup;
			children = (
				28C5551B2B98FB000003D214 /* BaseAPIClient.swift */,
				285C188E2B9B484900CC4310 /* MoogleError.swift */,
				285C18902B9B680400CC4310 /* NetworkMonitor.swift */,
			);
			path = Network;
			sourceTree = "<group>";
		};
		28C555182B98FA1B0003D214 /* Characters */ = {
			isa = PBXGroup;
			children = (
				28C555222B98FCB80003D214 /* Model */,
				28C555212B98FCAF0003D214 /* View */,
			);
			path = Characters;
			sourceTree = "<group>";
		};
		28C555212B98FCAF0003D214 /* View */ = {
			isa = PBXGroup;
			children = (
				28C555062B98F8DC0003D214 /* CharacterView.swift */,
				28C555232B98FCDC0003D214 /* CharacterViewModel.swift */,
			);
			path = View;
			sourceTree = "<group>";
		};
		28C555222B98FCB80003D214 /* Model */ = {
			isa = PBXGroup;
			children = (
				28C555192B98FAC80003D214 /* Character.swift */,
				28C5551D2B98FBCB0003D214 /* CharacterAPIClient.swift */,
				28C5551F2B98FC310003D214 /* CharacterDataManager.swift */,
			);
			path = Model;
			sourceTree = "<group>";
		};
/* End PBXGroup section */

/* Begin PBXNativeTarget section */
		28C555002B98F8DC0003D214 /* MoogleUI */ = {
			isa = PBXNativeTarget;
			buildConfigurationList = 28C5550F2B98F8DD0003D214 /* Build configuration list for PBXNativeTarget "MoogleUI" */;
			buildPhases = (
				28C554FD2B98F8DC0003D214 /* Sources */,
				28C554FE2B98F8DC0003D214 /* Frameworks */,
				28C554FF2B98F8DC0003D214 /* Resources */,
				285C188D2B9B426A00CC4310 /* ShellScript */,
			);
			buildRules = (
			);
			dependencies = (
			);
			name = MoogleUI;
			productName = MoogleUI;
			productReference = 28C555012B98F8DC0003D214 /* MoogleUI.app */;
			productType = "com.apple.product-type.application";
		};
/* End PBXNativeTarget section */

/* Begin PBXProject section */
		28C554F92B98F8DC0003D214 /* Project object */ = {
			isa = PBXProject;
			attributes = {
				BuildIndependentTargetsInParallel = 1;
				LastSwiftUpdateCheck = 1520;
				LastUpgradeCheck = 1520;
				TargetAttributes = {
					28C555002B98F8DC0003D214 = {
						CreatedOnToolsVersion = 15.2;
					};
				};
			};
			buildConfigurationList = 28C554FC2B98F8DC0003D214 /* Build configuration list for PBXProject "MoogleUI" */;
			compatibilityVersion = "Xcode 14.0";
			developmentRegion = en;
			hasScannedForEncodings = 0;
			knownRegions = (
				en,
				Base,
			);
			mainGroup = 28C554F82B98F8DC0003D214;
			productRefGroup = 28C555022B98F8DC0003D214 /* Products */;
			projectDirPath = "";
			projectRoot = "";
			targets = (
				28C555002B98F8DC0003D214 /* MoogleUI */,
			);
		};
/* End PBXProject section */

/* Begin PBXResourcesBuildPhase section */
		28C554FF2B98F8DC0003D214 /* Resources */ = {
			isa = PBXResourcesBuildPhase;
			buildActionMask = 2147483647;
			files = (
				28C5550C2B98F8DD0003D214 /* Preview Assets.xcassets in Resources */,
				28C555092B98F8DD0003D214 /* Assets.xcassets in Resources */,
			);
			runOnlyForDeploymentPostprocessing = 0;
		};
/* End PBXResourcesBuildPhase section */

/* Begin PBXShellScriptBuildPhase section */
		285C188D2B9B426A00CC4310 /* ShellScript */ = {
			isa = PBXShellScriptBuildPhase;
			alwaysOutOfDate = 1;
			buildActionMask = 2147483647;
			files = (
			);
			inputFileListPaths = (
			);
			inputPaths = (
			);
			outputFileListPaths = (
			);
			outputPaths = (
			);
			runOnlyForDeploymentPostprocessing = 0;
			shellPath = /bin/sh;
			shellScript = "if test -d \"/opt/homebrew/bin/\"; then\n  PATH=\"/opt/homebrew/bin/:${PATH}\"\nfi\n\nexport PATH\n\nif which swiftlint >/dev/null; then\n  swiftlint\nelse\n  echo \"warning: SwiftLint not installed, download from https://github.com/realm/SwiftLint\"\nfi\n";
		};
/* End PBXShellScriptBuildPhase section */

/* Begin PBXSourcesBuildPhase section */
		28C554FD2B98F8DC0003D214 /* Sources */ = {
			isa = PBXSourcesBuildPhase;
			buildActionMask = 2147483647;
			files = (
				28C5551C2B98FB000003D214 /* BaseAPIClient.swift in Sources */,
				285C18952B9B69B400CC4310 /* SplashView.swift in Sources */,
				28C555072B98F8DC0003D214 /* CharacterView.swift in Sources */,
				28C555152B98F9110003D214 /* Environment.swift in Sources */,
				28C5551E2B98FBCB0003D214 /* CharacterAPIClient.swift in Sources */,
				285C188F2B9B484900CC4310 /* MoogleError.swift in Sources */,
				28C555242B98FCDC0003D214 /* CharacterViewModel.swift in Sources */,
				28C555202B98FC310003D214 /* CharacterDataManager.swift in Sources */,
				285C18912B9B680400CC4310 /* NetworkMonitor.swift in Sources */,
				28C555052B98F8DC0003D214 /* MoogleUIApp.swift in Sources */,
				28C5551A2B98FAC80003D214 /* Character.swift in Sources */,
			);
			runOnlyForDeploymentPostprocessing = 0;
		};
/* End PBXSourcesBuildPhase section */

/* Begin XCBuildConfiguration section */
		28C5550D2B98F8DD0003D214 /* Debug */ = {
			isa = XCBuildConfiguration;
			buildSettings = {
				ALWAYS_SEARCH_USER_PATHS = NO;
				ASSETCATALOG_COMPILER_GENERATE_SWIFT_ASSET_SYMBOL_EXTENSIONS = YES;
				CLANG_ANALYZER_NONNULL = YES;
				CLANG_ANALYZER_NUMBER_OBJECT_CONVERSION = YES_AGGRESSIVE;
				CLANG_CXX_LANGUAGE_STANDARD = "gnu++20";
				CLANG_ENABLE_MODULES = YES;
				CLANG_ENABLE_OBJC_ARC = YES;
				CLANG_ENABLE_OBJC_WEAK = YES;
				CLANG_WARN_BLOCK_CAPTURE_AUTORELEASING = YES;
				CLANG_WARN_BOOL_CONVERSION = YES;
				CLANG_WARN_COMMA = YES;
				CLANG_WARN_CONSTANT_CONVERSION = YES;
				CLANG_WARN_DEPRECATED_OBJC_IMPLEMENTATIONS = YES;
				CLANG_WARN_DIRECT_OBJC_ISA_USAGE = YES_ERROR;
				CLANG_WARN_DOCUMENTATION_COMMENTS = YES;
				CLANG_WARN_EMPTY_BODY = YES;
				CLANG_WARN_ENUM_CONVERSION = YES;
				CLANG_WARN_INFINITE_RECURSION = YES;
				CLANG_WARN_INT_CONVERSION = YES;
				CLANG_WARN_NON_LITERAL_NULL_CONVERSION = YES;
				CLANG_WARN_OBJC_IMPLICIT_RETAIN_SELF = YES;
				CLANG_WARN_OBJC_LITERAL_CONVERSION = YES;
				CLANG_WARN_OBJC_ROOT_CLASS = YES_ERROR;
				CLANG_WARN_QUOTED_INCLUDE_IN_FRAMEWORK_HEADER = YES;
				CLANG_WARN_RANGE_LOOP_ANALYSIS = YES;
				CLANG_WARN_STRICT_PROTOTYPES = YES;
				CLANG_WARN_SUSPICIOUS_MOVE = YES;
				CLANG_WARN_UNGUARDED_AVAILABILITY = YES_AGGRESSIVE;
				CLANG_WARN_UNREACHABLE_CODE = YES;
				CLANG_WARN__DUPLICATE_METHOD_MATCH = YES;
				COPY_PHASE_STRIP = NO;
				DEBUG_INFORMATION_FORMAT = dwarf;
				ENABLE_STRICT_OBJC_MSGSEND = YES;
				ENABLE_TESTABILITY = YES;
				ENABLE_USER_SCRIPT_SANDBOXING = NO;
				GCC_C_LANGUAGE_STANDARD = gnu17;
				GCC_DYNAMIC_NO_PIC = NO;
				GCC_NO_COMMON_BLOCKS = YES;
				GCC_OPTIMIZATION_LEVEL = 0;
				GCC_PREPROCESSOR_DEFINITIONS = (
					"DEBUG=1",
					"$(inherited)",
				);
				GCC_WARN_64_TO_32_BIT_CONVERSION = YES;
				GCC_WARN_ABOUT_RETURN_TYPE = YES_ERROR;
				GCC_WARN_UNDECLARED_SELECTOR = YES;
				GCC_WARN_UNINITIALIZED_AUTOS = YES_AGGRESSIVE;
				GCC_WARN_UNUSED_FUNCTION = YES;
				GCC_WARN_UNUSED_VARIABLE = YES;
				IPHONEOS_DEPLOYMENT_TARGET = 17.2;
				LOCALIZATION_PREFERS_STRING_CATALOGS = YES;
				MTL_ENABLE_DEBUG_INFO = INCLUDE_SOURCE;
				MTL_FAST_MATH = YES;
				ONLY_ACTIVE_ARCH = YES;
				SDKROOT = iphoneos;
				SWIFT_ACTIVE_COMPILATION_CONDITIONS = "DEBUG $(inherited)";
				SWIFT_OPTIMIZATION_LEVEL = "-Onone";
			};
			name = Debug;
		};
		28C5550E2B98F8DD0003D214 /* Release */ = {
			isa = XCBuildConfiguration;
			buildSettings = {
				ALWAYS_SEARCH_USER_PATHS = NO;
				ASSETCATALOG_COMPILER_GENERATE_SWIFT_ASSET_SYMBOL_EXTENSIONS = YES;
				CLANG_ANALYZER_NONNULL = YES;
				CLANG_ANALYZER_NUMBER_OBJECT_CONVERSION = YES_AGGRESSIVE;
				CLANG_CXX_LANGUAGE_STANDARD = "gnu++20";
				CLANG_ENABLE_MODULES = YES;
				CLANG_ENABLE_OBJC_ARC = YES;
				CLANG_ENABLE_OBJC_WEAK = YES;
				CLANG_WARN_BLOCK_CAPTURE_AUTORELEASING = YES;
				CLANG_WARN_BOOL_CONVERSION = YES;
				CLANG_WARN_COMMA = YES;
				CLANG_WARN_CONSTANT_CONVERSION = YES;
				CLANG_WARN_DEPRECATED_OBJC_IMPLEMENTATIONS = YES;
				CLANG_WARN_DIRECT_OBJC_ISA_USAGE = YES_ERROR;
				CLANG_WARN_DOCUMENTATION_COMMENTS = YES;
				CLANG_WARN_EMPTY_BODY = YES;
				CLANG_WARN_ENUM_CONVERSION = YES;
				CLANG_WARN_INFINITE_RECURSION = YES;
				CLANG_WARN_INT_CONVERSION = YES;
				CLANG_WARN_NON_LITERAL_NULL_CONVERSION = YES;
				CLANG_WARN_OBJC_IMPLICIT_RETAIN_SELF = YES;
				CLANG_WARN_OBJC_LITERAL_CONVERSION = YES;
				CLANG_WARN_OBJC_ROOT_CLASS = YES_ERROR;
				CLANG_WARN_QUOTED_INCLUDE_IN_FRAMEWORK_HEADER = YES;
				CLANG_WARN_RANGE_LOOP_ANALYSIS = YES;
				CLANG_WARN_STRICT_PROTOTYPES = YES;
				CLANG_WARN_SUSPICIOUS_MOVE = YES;
				CLANG_WARN_UNGUARDED_AVAILABILITY = YES_AGGRESSIVE;
				CLANG_WARN_UNREACHABLE_CODE = YES;
				CLANG_WARN__DUPLICATE_METHOD_MATCH = YES;
				COPY_PHASE_STRIP = NO;
				DEBUG_INFORMATION_FORMAT = "dwarf-with-dsym";
				ENABLE_NS_ASSERTIONS = NO;
				ENABLE_STRICT_OBJC_MSGSEND = YES;
				ENABLE_USER_SCRIPT_SANDBOXING = NO;
				GCC_C_LANGUAGE_STANDARD = gnu17;
				GCC_NO_COMMON_BLOCKS = YES;
				GCC_WARN_64_TO_32_BIT_CONVERSION = YES;
				GCC_WARN_ABOUT_RETURN_TYPE = YES_ERROR;
				GCC_WARN_UNDECLARED_SELECTOR = YES;
				GCC_WARN_UNINITIALIZED_AUTOS = YES_AGGRESSIVE;
				GCC_WARN_UNUSED_FUNCTION = YES;
				GCC_WARN_UNUSED_VARIABLE = YES;
				IPHONEOS_DEPLOYMENT_TARGET = 17.2;
				LOCALIZATION_PREFERS_STRING_CATALOGS = YES;
				MTL_ENABLE_DEBUG_INFO = NO;
				MTL_FAST_MATH = YES;
				SDKROOT = iphoneos;
				SWIFT_COMPILATION_MODE = wholemodule;
				VALIDATE_PRODUCT = YES;
			};
			name = Release;
		};
		28C555102B98F8DD0003D214 /* Debug */ = {
			isa = XCBuildConfiguration;
			buildSettings = {
				ASSETCATALOG_COMPILER_APPICON_NAME = AppIcon;
				ASSETCATALOG_COMPILER_GLOBAL_ACCENT_COLOR_NAME = AccentColor;
				CODE_SIGN_STYLE = Automatic;
				CURRENT_PROJECT_VERSION = 1;
				DEVELOPMENT_ASSET_PATHS = "\"MoogleUI/Preview Content\"";
				DEVELOPMENT_TEAM = HK6R3F5RZP;
				ENABLE_PREVIEWS = YES;
				GENERATE_INFOPLIST_FILE = YES;
				INFOPLIST_KEY_UIApplicationSceneManifest_Generation = YES;
				INFOPLIST_KEY_UIApplicationSupportsIndirectInputEvents = YES;
				INFOPLIST_KEY_UILaunchScreen_Generation = YES;
				INFOPLIST_KEY_UISupportedInterfaceOrientations_iPad = "UIInterfaceOrientationPortrait UIInterfaceOrientationPortraitUpsideDown UIInterfaceOrientationLandscapeLeft UIInterfaceOrientationLandscapeRight";
				INFOPLIST_KEY_UISupportedInterfaceOrientations_iPhone = "UIInterfaceOrientationPortrait UIInterfaceOrientationLandscapeLeft UIInterfaceOrientationLandscapeRight";
				LD_RUNPATH_SEARCH_PATHS = (
					"$(inherited)",
					"@executable_path/Frameworks",
				);
				MARKETING_VERSION = 1.0;
				PRODUCT_BUNDLE_IDENTIFIER = com.abbydomi.MoogleUI;
				PRODUCT_NAME = "$(TARGET_NAME)";
				SWIFT_EMIT_LOC_STRINGS = YES;
				SWIFT_VERSION = 5.0;
				TARGETED_DEVICE_FAMILY = "1,2";
			};
			name = Debug;
		};
		28C555112B98F8DD0003D214 /* Release */ = {
			isa = XCBuildConfiguration;
			buildSettings = {
				ASSETCATALOG_COMPILER_APPICON_NAME = AppIcon;
				ASSETCATALOG_COMPILER_GLOBAL_ACCENT_COLOR_NAME = AccentColor;
				CODE_SIGN_STYLE = Automatic;
				CURRENT_PROJECT_VERSION = 1;
				DEVELOPMENT_ASSET_PATHS = "\"MoogleUI/Preview Content\"";
				DEVELOPMENT_TEAM = HK6R3F5RZP;
				ENABLE_PREVIEWS = YES;
				GENERATE_INFOPLIST_FILE = YES;
				INFOPLIST_KEY_UIApplicationSceneManifest_Generation = YES;
				INFOPLIST_KEY_UIApplicationSupportsIndirectInputEvents = YES;
				INFOPLIST_KEY_UILaunchScreen_Generation = YES;
				INFOPLIST_KEY_UISupportedInterfaceOrientations_iPad = "UIInterfaceOrientationPortrait UIInterfaceOrientationPortraitUpsideDown UIInterfaceOrientationLandscapeLeft UIInterfaceOrientationLandscapeRight";
				INFOPLIST_KEY_UISupportedInterfaceOrientations_iPhone = "UIInterfaceOrientationPortrait UIInterfaceOrientationLandscapeLeft UIInterfaceOrientationLandscapeRight";
				LD_RUNPATH_SEARCH_PATHS = (
					"$(inherited)",
					"@executable_path/Frameworks",
				);
				MARKETING_VERSION = 1.0;
				PRODUCT_BUNDLE_IDENTIFIER = com.abbydomi.MoogleUI;
				PRODUCT_NAME = "$(TARGET_NAME)";
				SWIFT_EMIT_LOC_STRINGS = YES;
				SWIFT_VERSION = 5.0;
				TARGETED_DEVICE_FAMILY = "1,2";
			};
			name = Release;
		};
/* End XCBuildConfiguration section */

/* Begin XCConfigurationList section */
		28C554FC2B98F8DC0003D214 /* Build configuration list for PBXProject "MoogleUI" */ = {
			isa = XCConfigurationList;
			buildConfigurations = (
				28C5550D2B98F8DD0003D214 /* Debug */,
				28C5550E2B98F8DD0003D214 /* Release */,
			);
			defaultConfigurationIsVisible = 0;
			defaultConfigurationName = Release;
		};
		28C5550F2B98F8DD0003D214 /* Build configuration list for PBXNativeTarget "MoogleUI" */ = {
			isa = XCConfigurationList;
			buildConfigurations = (
				28C555102B98F8DD0003D214 /* Debug */,
				28C555112B98F8DD0003D214 /* Release */,
			);
			defaultConfigurationIsVisible = 0;
			defaultConfigurationName = Release;
		};
/* End XCConfigurationList section */
	};
	rootObject = 28C554F92B98F8DC0003D214 /* Project object */;
}
